
Microsoft Visual Studio Solution File, Format Version 12.00
# Visual Studio Version 17
VisualStudioVersion = 17.8.34330.188
MinimumVisualStudioVersion = 10.0.40219.1
Project("{FAE04EC0-301F-11D3-BF4B-00C04F79EFBC}") = "sayhello", "sayhello\sayhello.csproj", "{630ABA71-48AB-4404-AB1E-D1FC65E181EC}"
EndProject
Global
	GlobalSection(SolutionConfigurationPlatforms) = preSolution
		Debug|Any CPU = Debug|Any CPU
		Release|Any CPU = Release|Any CPU
	EndGlobalSection
	GlobalSection(ProjectConfigurationPlatforms) = postSolution
		{630ABA71-48AB-4404-AB1E-D1FC65E181EC}.Debug|Any CPU.ActiveCfg = Debug|Any CPU
		{630ABA71-48AB-4404-AB1E-D1FC65E181EC}.Debug|Any CPU.Build.0 = Debug|Any CPU
		{630ABA71-48AB-4404-AB1E-D1FC65E181EC}.Release|Any CPU.ActiveCfg = Release|Any CPU
		{630ABA71-48AB-4404-AB1E-D1FC65E181EC}.Release|Any CPU.Build.0 = Release|Any CPU
	EndGlobalSection
	GlobalSection(SolutionProperties) = preSolution
		HideSolutionNode = FALSE
	EndGlobalSection
	GlobalSection(ExtensibilityGlobals) = postSolution
		SolutionGuid = {8A23F100-F693-4786-8B46-D13DF544680A}
	EndGlobalSection
EndGlobal
